{
  "object": {
    "pins": [
      {
        "package": "Facebook",
        "repositoryURL": "https://github.com/facebook/facebook-ios-sdk",
        "state": {
          "branch": null,
          "revision": "889b0df60708ecc8a1c683e42537e34c02c69995",
          "version": "5.11.0"
        }
      }
    ]
  },
  "version": 1
}
